// !$*UTF8*$!
{
	archiveVersion = 1;
	classes = {
	};
	objectVersion = 46;
	objects = {

/* Begin PBXBuildFile section */
		01BE151A1EB28CE3007D8B0A /* AppDelegate.swift in Sources */ = {isa = PBXBuildFile; fileRef = 01BE15191EB28CE3007D8B0A /* AppDelegate.swift */; };
		01BE151C1EB28CE3007D8B0A /* ViewController.swift in Sources */ = {isa = PBXBuildFile; fileRef = 01BE151B1EB28CE3007D8B0A /* ViewController.swift */; };
		01BE151F1EB28CE3007D8B0A /* Main.storyboard in Resources */ = {isa = PBXBuildFile; fileRef = 01BE151D1EB28CE3007D8B0A /* Main.storyboard */; };
		01BE15211EB28CE3007D8B0A /* Assets.xcassets in Resources */ = {isa = PBXBuildFile; fileRef = 01BE15201EB28CE3007D8B0A /* Assets.xcassets */; };
		01BE15241EB28CE3007D8B0A /* LaunchScreen.storyboard in Resources */ = {isa = PBXBuildFile; fileRef = 01BE15221EB28CE3007D8B0A /* LaunchScreen.storyboard */; };
		01BE152F1EB28CE3007D8B0A /* MarsRoverTests.swift in Sources */ = {isa = PBXBuildFile; fileRef = 01BE152E1EB28CE3007D8B0A /* MarsRoverTests.swift */; };
		01BE153A1EB28D04007D8B0A /* Rover.swift in Sources */ = {isa = PBXBuildFile; fileRef = 01BE15391EB28D04007D8B0A /* Rover.swift */; };
		01BE153C1EB28D10007D8B0A /* RoverTests.swift in Sources */ = {isa = PBXBuildFile; fileRef = 01BE153B1EB28D10007D8B0A /* RoverTests.swift */; };
/* End PBXBuildFile section */

/* Begin PBXContainerItemProxy section */
		01BE152B1EB28CE3007D8B0A /* PBXContainerItemProxy */ = {
			isa = PBXContainerItemProxy;
			containerPortal = 01BE150E1EB28CE3007D8B0A /* Project object */;
			proxyType = 1;
			remoteGlobalIDString = 01BE15151EB28CE3007D8B0A;
			remoteInfo = MarsRover;
		};
/* End PBXContainerItemProxy section */

/* Begin PBXFileReference section */
		01BE15161EB28CE3007D8B0A /* MarsRover.app */ = {isa = PBXFileReference; explicitFileType = wrapper.application; includeInIndex = 0; path = MarsRover.app; sourceTree = BUILT_PRODUCTS_DIR; };
		01BE15191EB28CE3007D8B0A /* AppDelegate.swift */ = {isa = PBXFileReference; lastKnownFileType = sourcecode.swift; path = AppDelegate.swift; sourceTree = "<group>"; };
		01BE151B1EB28CE3007D8B0A /* ViewController.swift */ = {isa = PBXFileReference; lastKnownFileType = sourcecode.swift; path = ViewController.swift; sourceTree = "<group>"; };
		01BE151E1EB28CE3007D8B0A /* Base */ = {isa = PBXFileReference; lastKnownFileType = file.storyboard; name = Base; path = Base.lproj/Main.storyboard; sourceTree = "<group>"; };
		01BE15201EB28CE3007D8B0A /* Assets.xcassets */ = {isa = PBXFileReference; lastKnownFileType = folder.assetcatalog; path = Assets.xcassets; sourceTree = "<group>"; };
		01BE15231EB28CE3007D8B0A /* Base */ = {isa = PBXFileReference; lastKnownFileType = file.storyboard; name = Base; path = Base.lproj/LaunchScreen.storyboard; sourceTree = "<group>"; };
		01BE15251EB28CE3007D8B0A /* Info.plist */ = {isa = PBXFileReference; lastKnownFileType = text.plist.xml; path = Info.plist; sourceTree = "<group>"; };
		01BE152A1EB28CE3007D8B0A /* MarsRoverTests.xctest */ = {isa = PBXFileReference; explicitFileType = wrapper.cfbundle; includeInIndex = 0; path = MarsRoverTests.xctest; sourceTree = BUILT_PRODUCTS_DIR; };
		01BE152E1EB28CE3007D8B0A /* MarsRoverTests.swift */ = {isa = PBXFileReference; lastKnownFileType = sourcecode.swift; path = MarsRoverTests.swift; sourceTree = "<group>"; };
		01BE15301EB28CE3007D8B0A /* Info.plist */ = {isa = PBXFileReference; lastKnownFileType = text.plist.xml; path = Info.plist; sourceTree = "<group>"; };
		01BE15391EB28D04007D8B0A /* Rover.swift */ = {isa = PBXFileReference; fileEncoding = 4; lastKnownFileType = sourcecode.swift; path = Rover.swift; sourceTree = "<group>"; };
		01BE153B1EB28D10007D8B0A /* RoverTests.swift */ = {isa = PBXFileReference; fileEncoding = 4; lastKnownFileType = sourcecode.swift; path = RoverTests.swift; sourceTree = "<group>"; };
/* End PBXFileReference section */

/* Begin PBXFrameworksBuildPhase section */
		01BE15131EB28CE3007D8B0A /* Frameworks */ = {
			isa = PBXFrameworksBuildPhase;
			buildActionMask = 2147483647;
			files = (
			);
			runOnlyForDeploymentPostprocessing = 0;
		};
		01BE15271EB28CE3007D8B0A /* Frameworks */ = {
			isa = PBXFrameworksBuildPhase;
			buildActionMask = 2147483647;
			files = (
			);
			runOnlyForDeploymentPostprocessing = 0;
		};
/* End PBXFrameworksBuildPhase section */

/* Begin PBXGroup section */
		01BE150D1EB28CE3007D8B0A = {
			isa = PBXGroup;
			children = (
				01BE15391EB28D04007D8B0A /* Rover.swift */,
				01BE153B1EB28D10007D8B0A /* RoverTests.swift */,
				01BE15181EB28CE3007D8B0A /* MarsRover */,
				01BE152D1EB28CE3007D8B0A /* MarsRoverTests */,
				01BE15171EB28CE3007D8B0A /* Products */,
			);
			sourceTree = "<group>";
		};
		01BE15171EB28CE3007D8B0A /* Products */ = {
			isa = PBXGroup;
			children = (
				01BE15161EB28CE3007D8B0A /* MarsRover.app */,
				01BE152A1EB28CE3007D8B0A /* MarsRoverTests.xctest */,
			);
			name = Products;
			sourceTree = "<group>";
		};
		01BE15181EB28CE3007D8B0A /* MarsRover */ = {
			isa = PBXGroup;
			children = (
				01BE15191EB28CE3007D8B0A /* AppDelegate.swift */,
				01BE151B1EB28CE3007D8B0A /* ViewController.swift */,
				01BE151D1EB28CE3007D8B0A /* Main.storyboard */,
				01BE15201EB28CE3007D8B0A /* Assets.xcassets */,
				01BE15221EB28CE3007D8B0A /* LaunchScreen.storyboard */,
				01BE15251EB28CE3007D8B0A /* Info.plist */,
			);
			path = MarsRover;
			sourceTree = "<group>";
		};
		01BE152D1EB28CE3007D8B0A /* MarsRoverTests */ = {
			isa = PBXGroup;
			children = (
				01BE152E1EB28CE3007D8B0A /* MarsRoverTests.swift */,
				01BE15301EB28CE3007D8B0A /* Info.plist */,
			);
			path = MarsRoverTests;
			sourceTree = "<group>";
		};
/* End PBXGroup section */

/* Begin PBXNativeTarget section */
		01BE15151EB28CE3007D8B0A /* MarsRover */ = {
			isa = PBXNativeTarget;
			buildConfigurationList = 01BE15331EB28CE3007D8B0A /* Build configuration list for PBXNativeTarget "MarsRover" */;
			buildPhases = (
				01BE15121EB28CE3007D8B0A /* Sources */,
				01BE15131EB28CE3007D8B0A /* Frameworks */,
				01BE15141EB28CE3007D8B0A /* Resources */,
			);
			buildRules = (
			);
			dependencies = (
			);
			name = MarsRover;
			productName = MarsRover;
			productReference = 01BE15161EB28CE3007D8B0A /* MarsRover.app */;
			productType = "com.apple.product-type.application";
		};
		01BE15291EB28CE3007D8B0A /* MarsRoverTests */ = {
			isa = PBXNativeTarget;
			buildConfigurationList = 01BE15361EB28CE3007D8B0A /* Build configuration list for PBXNativeTarget "MarsRoverTests" */;
			buildPhases = (
				01BE15261EB28CE3007D8B0A /* Sources */,
				01BE15271EB28CE3007D8B0A /* Frameworks */,
				01BE15281EB28CE3007D8B0A /* Resources */,
			);
			buildRules = (
			);
			dependencies = (
				01BE152C1EB28CE3007D8B0A /* PBXTargetDependency */,
			);
			name = MarsRoverTests;
			productName = MarsRoverTests;
			productReference = 01BE152A1EB28CE3007D8B0A /* MarsRoverTests.xctest */;
			productType = "com.apple.product-type.bundle.unit-test";
		};
/* End PBXNativeTarget section */

/* Begin PBXProject section */
		01BE150E1EB28CE3007D8B0A /* Project object */ = {
			isa = PBXProject;
			attributes = {
				LastSwiftUpdateCheck = 0830;
				LastUpgradeCheck = 0830;
				ORGANIZATIONNAME = "Nick Reichard";
				TargetAttributes = {
					01BE15151EB28CE3007D8B0A = {
						CreatedOnToolsVersion = 8.3.1;
						DevelopmentTeam = MU4CK45G4T;
						ProvisioningStyle = Automatic;
					};
					01BE15291EB28CE3007D8B0A = {
						CreatedOnToolsVersion = 8.3.1;
						DevelopmentTeam = MU4CK45G4T;
						ProvisioningStyle = Automatic;
						TestTargetID = 01BE15151EB28CE3007D8B0A;
					};
				};
			};
			buildConfigurationList = 01BE15111EB28CE3007D8B0A /* Build configuration list for PBXProject "MarsRover" */;
			compatibilityVersion = "Xcode 3.2";
			developmentRegion = English;
			hasScannedForEncodings = 0;
			knownRegions = (
				en,
				Base,
			);
			mainGroup = 01BE150D1EB28CE3007D8B0A;
			productRefGroup = 01BE15171EB28CE3007D8B0A /* Products */;
			projectDirPath = "";
			projectRoot = "";
			targets = (
				01BE15151EB28CE3007D8B0A /* MarsRover */,
				01BE15291EB28CE3007D8B0A /* MarsRoverTests */,
			);
		};
/* End PBXProject section */

/* Begin PBXResourcesBuildPhase section */
		01BE15141EB28CE3007D8B0A /* Resources */ = {
			isa = PBXResourcesBuildPhase;
			buildActionMask = 2147483647;
			files = (
				01BE15241EB28CE3007D8B0A /* LaunchScreen.storyboard in Resources */,
				01BE15211EB28CE3007D8B0A /* Assets.xcassets in Resources */,
				01BE151F1EB28CE3007D8B0A /* Main.storyboard in Resources */,
			);
			runOnlyForDeploymentPostprocessing = 0;
		};
		01BE15281EB28CE3007D8B0A /* Resources */ = {
			isa = PBXResourcesBuildPhase;
			buildActionMask = 2147483647;
			files = (
			);
			runOnlyForDeploymentPostprocessing = 0;
		};
/* End PBXResourcesBuildPhase section */

/* Begin PBXSourcesBuildPhase section */
		01BE15121EB28CE3007D8B0A /* Sources */ = {
			isa = PBXSourcesBuildPhase;
			buildActionMask = 2147483647;
			files = (
				01BE153C1EB28D10007D8B0A /* RoverTests.swift in Sources */,
				01BE151C1EB28CE3007D8B0A /* ViewController.swift in Sources */,
				01BE151A1EB28CE3007D8B0A /* AppDelegate.swift in Sources */,
				01BE153A1EB28D04007D8B0A /* Rover.swift in Sources */,
			);
			runOnlyForDeploymentPostprocessing = 0;
		};
		01BE15261EB28CE3007D8B0A /* Sources */ = {
			isa = PBXSourcesBuildPhase;
			buildActionMask = 2147483647;
			files = (
				01BE152F1EB28CE3007D8B0A /* MarsRoverTests.swift in Sources */,
			);
			runOnlyForDeploymentPostprocessing = 0;
		};
/* End PBXSourcesBuildPhase section */

/* Begin PBXTargetDependency section */
		01BE152C1EB28CE3007D8B0A /* PBXTargetDependency */ = {
			isa = PBXTargetDependency;
			target = 01BE15151EB28CE3007D8B0A /* MarsRover */;
			targetProxy = 01BE152B1EB28CE3007D8B0A /* PBXContainerItemProxy */;
		};
/* End PBXTargetDependency section */

/* Begin PBXVariantGroup section */
		01BE151D1EB28CE3007D8B0A /* Main.storyboard */ = {
			isa = PBXVariantGroup;
			children = (
				01BE151E1EB28CE3007D8B0A /* Base */,
			);
			name = Main.storyboard;
			sourceTree = "<group>";
		};
		01BE15221EB28CE3007D8B0A /* LaunchScreen.storyboard */ = {
			isa = PBXVariantGroup;
			children = (
				01BE15231EB28CE3007D8B0A /* Base */,
			);
			name = LaunchScreen.storyboard;
			sourceTree = "<group>";
		};
/* End PBXVariantGroup section */

/* Begin XCBuildConfiguration section */
		01BE15311EB28CE3007D8B0A /* Debug */ = {
			isa = XCBuildConfiguration;
			buildSettings = {
				ALWAYS_SEARCH_USER_PATHS = NO;
				CLANG_ANALYZER_NONNULL = YES;
				CLANG_ANALYZER_NUMBER_OBJECT_CONVERSION = YES_AGGRESSIVE;
				CLANG_CXX_LANGUAGE_STANDARD = "gnu++0x";
				CLANG_CXX_LIBRARY = "libc++";
				CLANG_ENABLE_MODULES = YES;
				CLANG_ENABLE_OBJC_ARC = YES;
				CLANG_WARN_BOOL_CONVERSION = YES;
				CLANG_WARN_CONSTANT_CONVERSION = YES;
				CLANG_WARN_DIRECT_OBJC_ISA_USAGE = YES_ERROR;
				CLANG_WARN_DOCUMENTATION_COMMENTS = YES;
				CLANG_WARN_EMPTY_BODY = YES;
				CLANG_WARN_ENUM_CONVERSION = YES;
				CLANG_WARN_INFINITE_RECURSION = YES;
				CLANG_WARN_INT_CONVERSION = YES;
				CLANG_WARN_OBJC_ROOT_CLASS = YES_ERROR;
				CLANG_WARN_SUSPICIOUS_MOVE = YES;
				CLANG_WARN_UNREACHABLE_CODE = YES;
				CLANG_WARN__DUPLICATE_METHOD_MATCH = YES;
				"CODE_SIGN_IDENTITY[sdk=iphoneos*]" = "iPhone Developer";
				COPY_PHASE_STRIP = NO;
				DEBUG_INFORMATION_FORMAT = dwarf;
				ENABLE_STRICT_OBJC_MSGSEND = YES;
				ENABLE_TESTABILITY = YES;
				GCC_C_LANGUAGE_STANDARD = gnu99;
				GCC_DYNAMIC_NO_PIC = NO;
				GCC_NO_COMMON_BLOCKS = YES;
				GCC_OPTIMIZATION_LEVEL = 0;
				GCC_PREPROCESSOR_DEFINITIONS = (
					"DEBUG=1",
					"$(inherited)",
				);
				GCC_WARN_64_TO_32_BIT_CONVERSION = YES;
				GCC_WARN_ABOUT_RETURN_TYPE = YES_ERROR;
				GCC_WARN_UNDECLARED_SELECTOR = YES;
				GCC_WARN_UNINITIALIZED_AUTOS = YES_AGGRESSIVE;
				GCC_WARN_UNUSED_FUNCTION = YES;
				GCC_WARN_UNUSED_VARIABLE = YES;
				IPHONEOS_DEPLOYMENT_TARGET = 10.3;
				MTL_ENABLE_DEBUG_INFO = YES;
				ONLY_ACTIVE_ARCH = YES;
				SDKROOT = iphoneos;
				SWIFT_ACTIVE_COMPILATION_CONDITIONS = DEBUG;
				SWIFT_OPTIMIZATION_LEVEL = "-Onone";
				TARGETED_DEVICE_FAMILY = "1,2";
			};
			name = Debug;
		};
		01BE15321EB28CE3007D8B0A /* Release */ = {
			isa = XCBuildConfiguration;
			buildSettings = {
				ALWAYS_SEARCH_USER_PATHS = NO;
				CLANG_ANALYZER_NONNULL = YES;
				CLANG_ANALYZER_NUMBER_OBJECT_CONVERSION = YES_AGGRESSIVE;
				CLANG_CXX_LANGUAGE_STANDARD = "gnu++0x";
				CLANG_CXX_LIBRARY = "libc++";
				CLANG_ENABLE_MODULES = YES;
				CLANG_ENABLE_OBJC_ARC = YES;
				CLANG_WARN_BOOL_CONVERSION = YES;
				CLANG_WARN_CONSTANT_CONVERSION = YES;
				CLANG_WARN_DIRECT_OBJC_ISA_USAGE = YES_ERROR;
				CLANG_WARN_DOCUMENTATION_COMMENTS = YES;
				CLANG_WARN_EMPTY_BODY = YES;
				CLANG_WARN_ENUM_CONVERSION = YES;
				CLANG_WARN_INFINITE_RECURSION = YES;
				CLANG_WARN_INT_CONVERSION = YES;
				CLANG_WARN_OBJC_ROOT_CLASS = YES_ERROR;
				CLANG_WARN_SUSPICIOUS_MOVE = YES;
				CLANG_WARN_UNREACHABLE_CODE = YES;
				CLANG_WARN__DUPLICATE_METHOD_MATCH = YES;
				"CODE_SIGN_IDENTITY[sdk=iphoneos*]" = "iPhone Developer";
				COPY_PHASE_STRIP = NO;
				DEBUG_INFORMATION_FORMAT = "dwarf-with-dsym";
				ENABLE_NS_ASSERTIONS = NO;
				ENABLE_STRICT_OBJC_MSGSEND = YES;
				GCC_C_LANGUAGE_STANDARD = gnu99;
				GCC_NO_COMMON_BLOCKS = YES;
				GCC_WARN_64_TO_32_BIT_CONVERSION = YES;
				GCC_WARN_ABOUT_RETURN_TYPE = YES_ERROR;
				GCC_WARN_UNDECLARED_SELECTOR = YES;
				GCC_WARN_UNINITIALIZED_AUTOS = YES_AGGRESSIVE;
				GCC_WARN_UNUSED_FUNCTION = YES;
				GCC_WARN_UNUSED_VARIABLE = YES;
				IPHONEOS_DEPLOYMENT_TARGET = 10.3;
				MTL_ENABLE_DEBUG_INFO = NO;
				SDKROOT = iphoneos;
				SWIFT_OPTIMIZATION_LEVEL = "-Owholemodule";
				TARGETED_DEVICE_FAMILY = "1,2";
				VALIDATE_PRODUCT = YES;
			};
			name = Release;
		};
		01BE15341EB28CE3007D8B0A /* Debug */ = {
			isa = XCBuildConfiguration;
			buildSettings = {
				ASSETCATALOG_COMPILER_APPICON_NAME = AppIcon;
				DEVELOPMENT_TEAM = MU4CK45G4T;
				INFOPLIST_FILE = MarsRover/Info.plist;
				LD_RUNPATH_SEARCH_PATHS = "$(inherited) @executable_path/Frameworks";
				PRODUCT_BUNDLE_IDENTIFIER = com.nickreichard..MarsRover;
				PRODUCT_NAME = "$(TARGET_NAME)";
				SWIFT_VERSION = 3.0;
			};
			name = Debug;
		};
		01BE15351EB28CE3007D8B0A /* Release */ = {
			isa = XCBuildConfiguration;
			buildSettings = {
				ASSETCATALOG_COMPILER_APPICON_NAME = AppIcon;
				DEVELOPMENT_TEAM = MU4CK45G4T;
				INFOPLIST_FILE = MarsRover/Info.plist;
				LD_RUNPATH_SEARCH_PATHS = "$(inherited) @executable_path/Frameworks";
				PRODUCT_BUNDLE_IDENTIFIER = com.nickreichard..MarsRover;
				PRODUCT_NAME = "$(TARGET_NAME)";
				SWIFT_VERSION = 3.0;
			};
			name = Release;
		};
		01BE15371EB28CE3007D8B0A /* Debug */ = {
			isa = XCBuildConfiguration;
			buildSettings = {
				ALWAYS_EMBED_SWIFT_STANDARD_LIBRARIES = YES;
				BUNDLE_LOADER = "$(TEST_HOST)";
				DEVELOPMENT_TEAM = MU4CK45G4T;
				INFOPLIST_FILE = MarsRoverTests/Info.plist;
				LD_RUNPATH_SEARCH_PATHS = "$(inherited) @executable_path/Frameworks @loader_path/Frameworks";
				PRODUCT_BUNDLE_IDENTIFIER = com.nickreichard..MarsRoverTests;
				PRODUCT_NAME = "$(TARGET_NAME)";
				SWIFT_VERSION = 3.0;
				TEST_HOST = "$(BUILT_PRODUCTS_DIR)/MarsRover.app/MarsRover";
			};
			name = Debug;
		};
		01BE15381EB28CE3007D8B0A /* Release */ = {
			isa = XCBuildConfiguration;
			buildSettings = {
				ALWAYS_EMBED_SWIFT_STANDARD_LIBRARIES = YES;
				BUNDLE_LOADER = "$(TEST_HOST)";
				DEVELOPMENT_TEAM = MU4CK45G4T;
				INFOPLIST_FILE = MarsRoverTests/Info.plist;
				LD_RUNPATH_SEARCH_PATHS = "$(inherited) @executable_path/Frameworks @loader_path/Frameworks";
				PRODUCT_BUNDLE_IDENTIFIER = com.nickreichard..MarsRoverTests;
				PRODUCT_NAME = "$(TARGET_NAME)";
				SWIFT_VERSION = 3.0;
				TEST_HOST = "$(BUILT_PRODUCTS_DIR)/MarsRover.app/MarsRover";
			};
			name = Release;
		};
/* End XCBuildConfiguration section */

/* Begin XCConfigurationList section */
		01BE15111EB28CE3007D8B0A /* Build configuration list for PBXProject "MarsRover" */ = {
			isa = XCConfigurationList;
			buildConfigurations = (
				01BE15311EB28CE3007D8B0A /* Debug */,
				01BE15321EB28CE3007D8B0A /* Release */,
			);
			defaultConfigurationIsVisible = 0;
			defaultConfigurationName = Release;
		};
		01BE15331EB28CE3007D8B0A /* Build configuration list for PBXNativeTarget "MarsRover" */ = {
			isa = XCConfigurationList;
			buildConfigurations = (
				01BE15341EB28CE3007D8B0A /* Debug */,
				01BE15351EB28CE3007D8B0A /* Release */,
			);
			defaultConfigurationIsVisible = 0;
		};
		01BE15361EB28CE3007D8B0A /* Build configuration list for PBXNativeTarget "MarsRoverTests" */ = {
			isa = XCConfigurationList;
			buildConfigurations = (
				01BE15371EB28CE3007D8B0A /* Debug */,
				01BE15381EB28CE3007D8B0A /* Release */,
			);
			defaultConfigurationIsVisible = 0;
		};
/* End XCConfigurationList section */
	};
	rootObject = 01BE150E1EB28CE3007D8B0A /* Project object */;
}
